
Microsoft Visual Studio Solution File, Format Version 12.00
# Visual Studio Version 16
VisualStudioVersion = 16.0.31112.23
MinimumVisualStudioVersion = 10.0.40219.1
Project("{FAE04EC0-301F-11D3-BF4B-00C04F79EFBC}") = "asp-net-core-web-api-v2", "asp-net-core-web-api-v2.csproj", "{17506BD5-DAE6-46D0-BF4E-6152991C7A82}"
EndProject
Global
	GlobalSection(SolutionConfigurationPlatforms) = preSolution
		Debug|Any CPU = Debug|Any CPU
		Release|Any CPU = Release|Any CPU
	EndGlobalSection
	GlobalSection(ProjectConfigurationPlatforms) = postSolution
		{17506BD5-DAE6-46D0-BF4E-6152991C7A82}.Debug|Any CPU.ActiveCfg = Debug|Any CPU
		{17506BD5-DAE6-46D0-BF4E-6152991C7A82}.Debug|Any CPU.Build.0 = Debug|Any CPU
		{17506BD5-DAE6-46D0-BF4E-6152991C7A82}.Release|Any CPU.ActiveCfg = Release|Any CPU
		{17506BD5-DAE6-46D0-BF4E-6152991C7A82}.Release|Any CPU.Build.0 = Release|Any CPU
	EndGlobalSection
	GlobalSection(SolutionProperties) = preSolution
		HideSolutionNode = FALSE
	EndGlobalSection
	GlobalSection(ExtensibilityGlobals) = postSolution
		SolutionGuid = {A4481365-FE95-4B5B-9634-F7DB2F1A8614}
	EndGlobalSection
EndGlobal
